<?xml version="1.0" encoding="utf-8"?>
<Project ToolsVersion="4.0" xmlns="http://schemas.microsoft.com/developer/msbuild/2003">
  <ItemGroup>
    <Filter Include="Source Files">
      <UniqueIdentifier>{4FC737F1-C7A5-4376-A066-2A32D752A2FF}</UniqueIdentifier>
      <Extensions>cpp;c;cc;cxx;def;odl;idl;hpj;bat;asm;asmx</Extensions>
    </Filter>
    <Filter Include="Header Files">
      <UniqueIdentifier>{93995380-89BD-4b04-88EB-625FBE52EBFB}</UniqueIdentifier>
      <Extensions>h;hh;hpp;hxx;hm;inl;inc;ipp;xsd</Extensions>
    </Filter>
    <Filter Include="Resource Files">
      <UniqueIdentifier>{67DA6AB6-F800-4c08-8B7A-83BB121AAD01}</UniqueIdentifier>
      <Extensions>rc;ico;cur;bmp;dlg;rc2;rct;bin;rgs;gif;jpg;jpeg;jpe;resx;tiff;tif;png;wav;mfcribbon-ms</Extensions>
    </Filter>
    <Filter Include="lib">
      <UniqueIdentifier>{968b1106-7dcd-43e9-b3b0-ad27b9899099}</UniqueIdentifier>
    </Filter>
    <Filter Include="lib\List">
      <UniqueIdentifier>{4f6d5a26-7543-4b97-91c3-c2016bf90044}</UniqueIdentifier>
    </Filter>
    <Filter Include="lib\Thread">
      <UniqueIdentifier>{7779578e-25bf-48a0-8768-f95e0efd8359}</UniqueIdentifier>
    </Filter>
  </ItemGroup>
  <ItemGroup>
    <ClCompile Include="TestWinApi.cpp">
      <Filter>Source Files</Filter>
    </ClCompile>
    <ClCompile Include="lib\List\List.c">
      <Filter>lib\List</Filter>
    </ClCompile>
  </ItemGroup>
  <ItemGroup>
    <ClInclude Include="lib\List\List.h">
      <Filter>lib\List</Filter>
    </ClInclude>
  </ItemGroup>
</Project>