<?xml version="1.0" encoding="utf-8"?>
<Project ToolsVersion="4.0" xmlns="http://schemas.microsoft.com/developer/msbuild/2003">
  <ItemGroup>
    <Filter Include="Source Files">
      <UniqueIdentifier>{4FC737F1-C7A5-4376-A066-2A32D752A2FF}</UniqueIdentifier>
      <Extensions>cpp;c;cc;cxx;def;odl;idl;hpj;bat;asm;asmx</Extensions>
    </Filter>
    <Filter Include="Header Files">
      <UniqueIdentifier>{93995380-89BD-4b04-88EB-625FBE52EBFB}</UniqueIdentifier>
      <Extensions>h;hh;hpp;hxx;hm;inl;inc;ipp;xsd</Extensions>
    </Filter>
    <Filter Include="Resource Files">
      <UniqueIdentifier>{67DA6AB6-F800-4c08-8B7A-83BB121AAD01}</UniqueIdentifier>
      <Extensions>rc;ico;cur;bmp;dlg;rc2;rct;bin;rgs;gif;jpg;jpeg;jpe;resx;tiff;tif;png;wav;mfcribbon-ms</Extensions>
    </Filter>
    <Filter Include="lib">
      <UniqueIdentifier>{968b1106-7dcd-43e9-b3b0-ad27b9899099}</UniqueIdentifier>
    </Filter>
    <Filter Include="lib\gensRange">
      <UniqueIdentifier>{8ae93c15-11ab-4d4f-bcd4-0a8d34a44b0b}</UniqueIdentifier>
    </Filter>
    <Filter Include="lib\altThread">
      <UniqueIdentifier>{2fb8586d-b3ab-4eb0-9cb7-7e1f281c8879}</UniqueIdentifier>
    </Filter>
  </ItemGroup>
  <ItemGroup>
    <ClCompile Include="lib\Thread\Thread.c">
      <Filter>lib\altThread</Filter>
    </ClCompile>
    <ClCompile Include="TestWinApi.c">
      <Filter>Source Files</Filter>
    </ClCompile>
    <ClCompile Include="lib\List\gensRange.c">
      <Filter>lib\gensRange</Filter>
    </ClCompile>
  </ItemGroup>
  <ItemGroup>
    <ClInclude Include="lib\Thread\Thread.h">
      <Filter>lib\altThread</Filter>
    </ClInclude>
    <ClInclude Include="lib\List\gensRange.h">
      <Filter>lib\gensRange</Filter>
    </ClInclude>
  </ItemGroup>
</Project>